packages:
  - package: dbt-labs/dbt_utils
    version: 1.1.1
  - package: calogica/dbt_date
    version: 0.7.2
  - package: calogica/dbt_expectations
    version: 0.8.5
  - package: google/fhir_dbt_utils
    version: 1.0.8
  - package: yu-iskw/dbt_unittest
    version: 0.3.3
sha1_hash: 08216d74dda9cbbe6a7e06509b94b9200edf34e6
